{
  "name": "fuse",
  "version": "1.0.0",
  "lockfileVersion": 2,
  "requires": true,
  "packages": {
    "": {
      "name": "fuse",
      "version": "1.0.0",
      "license": "ISC",
      "dependencies": {
        "dotenv": "^10.0.0",
        "fuse-native": "^2.2.6",
        "multihashes": "^4.0.2",
        "tslib": "^2.2.0",
        "varint": "^6.0.0"
      },
      "devDependencies": {
        "@types/node": "^15.0.1",
        "@types/varint": "^6.0.0",
        "typescript": "^4.2.4"
      }
    },
    "node_modules/@multiformats/base-x": {
      "version": "4.0.1",
      "resolved": "https://registry.npmjs.org/@multiformats/base-x/-/base-x-4.0.1.tgz",
      "integrity": "sha512-eMk0b9ReBbV23xXU693TAIrLyeO5iTgBZGSJfpqriG8UkYvr/hC9u9pyMlAakDNHWmbhMZCDs6KQO0jzKD8OTw=="
    },
    "node_modules/@types/node": {
      "version": "15.0.1",
      "resolved": "https://registry.npmjs.org/@types/node/-/node-15.0.1.tgz",
      "integrity": "sha512-TMkXt0Ck1y0KKsGr9gJtWGjttxlZnnvDtphxUOSd0bfaR6Q1jle+sPvrzNR1urqYTWMinoKvjKfXUGsumaO1PA==",
      "dev": true
    },
    "node_modules/@types/varint": {
      "version": "6.0.0",
      "resolved": "https://registry.npmjs.org/@types/varint/-/varint-6.0.0.tgz",
      "integrity": "sha512-2jBazyxGl4644tvu3VAez8UA/AtrcEetT9HOeAbqZ/vAcRVL/ZDFQjSS7rkWusU5cyONQVUz+nwwrNZdMva4ow==",
      "dev": true,
      "dependencies": {
        "@types/node": "*"
      }
    },
    "node_modules/dotenv": {
      "version": "10.0.0",
      "resolved": "https://registry.npmjs.org/dotenv/-/dotenv-10.0.0.tgz",
      "integrity": "sha512-rlBi9d8jpv9Sf1klPjNfFAuWDjKLwTIJJ/VxtoTwIR6hnZxcEOQCZg2oIL3MWBYw5GpUDKOEnND7LXTbIpQ03Q==",
      "engines": {
        "node": ">=10"
      }
    },
    "node_modules/fuse-native": {
      "version": "2.2.6",
      "resolved": "https://registry.npmjs.org/fuse-native/-/fuse-native-2.2.6.tgz",
      "integrity": "sha512-Y5wXd7vUsWWWIIHbjluv7jKZgPZaSVA5YWaW3I5fXIJfcGWL6IRUgoBUveQAq+D8cG9cCiGNahv9CeToccCXrw==",
      "dependencies": {
        "fuse-shared-library": "^1.0.2",
        "nanoresource": "^1.3.0",
        "napi-macros": "^2.0.0",
        "node-gyp-build": "^4.2.0"
      },
      "bin": {
        "fuse-native": "bin.js"
      }
    },
    "node_modules/fuse-shared-library": {
      "version": "1.1.1",
      "resolved": "https://registry.npmjs.org/fuse-shared-library/-/fuse-shared-library-1.1.1.tgz",
      "integrity": "sha512-EfgTo/eS1euZFUe7x8KqyA40hV4DwP7kqp1VNZApu2nlPnJv8SanraBE3VXyX7ff41sxw7M0oWY7re3G3wnZVA==",
      "dependencies": {
        "fuse-shared-library-darwin": "^1.0.3",
        "fuse-shared-library-linux": "^1.0.1",
        "fuse-shared-library-linux-arm": "^1.0.0"
      }
    },
    "node_modules/fuse-shared-library-darwin": {
      "version": "1.1.3",
      "resolved": "https://registry.npmjs.org/fuse-shared-library-darwin/-/fuse-shared-library-darwin-1.1.3.tgz",
      "integrity": "sha512-4Q8gMxyMl1+gwHGpiYUoKKpi7xq8WcPo0TvJvjZzHMuCiszouu2GgEs6SJAqPB3LjfmEkl6kPV+2Oluczr0Nig=="
    },
    "node_modules/fuse-shared-library-linux": {
      "version": "1.0.1",
      "resolved": "https://registry.npmjs.org/fuse-shared-library-linux/-/fuse-shared-library-linux-1.0.1.tgz",
      "integrity": "sha512-07MQRSobrBKwW4D7oKm0gM2TwgvZWb+gC08JdiYDG4KBTncxk9ssqEDiDMKll8hpseZufsY2w1yc/feOu2DPmQ=="
    },
    "node_modules/fuse-shared-library-linux-arm": {
      "version": "1.0.0",
      "resolved": "https://registry.npmjs.org/fuse-shared-library-linux-arm/-/fuse-shared-library-linux-arm-1.0.0.tgz",
      "integrity": "sha512-Dj4ssxo1/MKGvOsVWRblSRu+o5F5OJTrVPDkjSyGDU2yKvVnIzQSwy1deiWA0qCcS/Q8iJMlZaCpCcZWSwvoug=="
    },
    "node_modules/inherits": {
      "version": "2.0.4",
      "resolved": "https://registry.npmjs.org/inherits/-/inherits-2.0.4.tgz",
      "integrity": "sha512-k/vGaX4/Yla3WzyMCvTQOXYeIHvqOKtnqBduzTHpzpQZzAskKMhZ2K+EnBiSM9zGSoIFeMpXKxa4dYeZIQqewQ=="
    },
    "node_modules/multibase": {
      "version": "4.0.4",
      "resolved": "https://registry.npmjs.org/multibase/-/multibase-4.0.4.tgz",
      "integrity": "sha512-8/JmrdSGzlw6KTgAJCOqUBSGd1V6186i/X8dDCGy/lbCKrQ+1QB6f3HE+wPr7Tpdj4U3gutaj9jG2rNX6UpiJg==",
      "dependencies": {
        "@multiformats/base-x": "^4.0.1"
      },
      "engines": {
        "node": ">=12.0.0",
        "npm": ">=6.0.0"
      }
    },
    "node_modules/multihashes": {
      "version": "4.0.2",
      "resolved": "https://registry.npmjs.org/multihashes/-/multihashes-4.0.2.tgz",
      "integrity": "sha512-xpx++1iZr4ZQHjN1mcrXS6904R36LWLxX/CBifczjtmrtCXEX623DMWOF1eiNSg+pFpiZDFVBgou/4v6ayCHSQ==",
      "dependencies": {
        "multibase": "^4.0.1",
        "uint8arrays": "^2.1.3",
        "varint": "^5.0.2"
      },
      "engines": {
        "node": ">=12.0.0",
        "npm": ">=6.0.0"
      }
    },
    "node_modules/multihashes/node_modules/varint": {
      "version": "5.0.2",
      "resolved": "https://registry.npmjs.org/varint/-/varint-5.0.2.tgz",
      "integrity": "sha512-lKxKYG6H03yCZUpAGOPOsMcGxd1RHCu1iKvEHYDPmTyq2HueGhD73ssNBqqQWfvYs04G9iUFRvmAVLW20Jw6ow=="
    },
    "node_modules/nanoresource": {
      "version": "1.3.0",
      "resolved": "https://registry.npmjs.org/nanoresource/-/nanoresource-1.3.0.tgz",
      "integrity": "sha512-OI5dswqipmlYfyL3k/YMm7mbERlh4Bd1KuKdMHpeoVD1iVxqxaTMKleB4qaA2mbQZ6/zMNSxCXv9M9P/YbqTuQ==",
      "dependencies": {
        "inherits": "^2.0.4"
      }
    },
    "node_modules/napi-macros": {
      "version": "2.0.0",
      "resolved": "https://registry.npmjs.org/napi-macros/-/napi-macros-2.0.0.tgz",
      "integrity": "sha512-A0xLykHtARfueITVDernsAWdtIMbOJgKgcluwENp3AlsKN/PloyO10HtmoqnFAQAcxPkgZN7wdfPfEd0zNGxbg=="
    },
    "node_modules/node-gyp-build": {
      "version": "4.2.3",
      "resolved": "https://registry.npmjs.org/node-gyp-build/-/node-gyp-build-4.2.3.tgz",
      "integrity": "sha512-MN6ZpzmfNCRM+3t57PTJHgHyw/h4OWnZ6mR8P5j/uZtqQr46RRuDE/P+g3n0YR/AiYXeWixZZzaip77gdICfRg==",
      "bin": {
        "node-gyp-build": "bin.js",
        "node-gyp-build-optional": "optional.js",
        "node-gyp-build-test": "build-test.js"
      }
    },
    "node_modules/tslib": {
      "version": "2.2.0",
      "resolved": "https://registry.npmjs.org/tslib/-/tslib-2.2.0.tgz",
      "integrity": "sha512-gS9GVHRU+RGn5KQM2rllAlR3dU6m7AcpJKdtH8gFvQiC4Otgk98XnmMU+nZenHt/+VhnBPWwgrJsyrdcw6i23w=="
    },
    "node_modules/typescript": {
      "version": "4.2.4",
      "resolved": "https://registry.npmjs.org/typescript/-/typescript-4.2.4.tgz",
      "integrity": "sha512-V+evlYHZnQkaz8TRBuxTA92yZBPotr5H+WhQ7bD3hZUndx5tGOa1fuCgeSjxAzM1RiN5IzvadIXTVefuuwZCRg==",
      "dev": true,
      "bin": {
        "tsc": "bin/tsc",
        "tsserver": "bin/tsserver"
      },
      "engines": {
        "node": ">=4.2.0"
      }
    },
    "node_modules/uint8arrays": {
      "version": "2.1.5",
      "resolved": "https://registry.npmjs.org/uint8arrays/-/uint8arrays-2.1.5.tgz",
      "integrity": "sha512-CSR7AO+4AHUeSOnZ/NBNCElDeWfRh9bXtOck27083kc7SznmmHIhNEkEOCQOn0wvrIMjS3IH0TNLR16vuc46mA==",
      "dependencies": {
        "multibase": "^4.0.1"
      }
    },
    "node_modules/varint": {
      "version": "6.0.0",
      "resolved": "https://registry.npmjs.org/varint/-/varint-6.0.0.tgz",
      "integrity": "sha512-cXEIW6cfr15lFv563k4GuVuW/fiwjknytD37jIOLSdSWuOI6WnO/oKwmP2FQTU2l01LP8/M5TSAJpzUaGe3uWg=="
    }
  },
  "dependencies": {
    "@multiformats/base-x": {
      "version": "4.0.1",
      "resolved": "https://registry.npmjs.org/@multiformats/base-x/-/base-x-4.0.1.tgz",
      "integrity": "sha512-eMk0b9ReBbV23xXU693TAIrLyeO5iTgBZGSJfpqriG8UkYvr/hC9u9pyMlAakDNHWmbhMZCDs6KQO0jzKD8OTw=="
    },
    "@types/node": {
      "version": "15.0.1",
      "resolved": "https://registry.npmjs.org/@types/node/-/node-15.0.1.tgz",
      "integrity": "sha512-TMkXt0Ck1y0KKsGr9gJtWGjttxlZnnvDtphxUOSd0bfaR6Q1jle+sPvrzNR1urqYTWMinoKvjKfXUGsumaO1PA==",
      "dev": true
    },
    "@types/varint": {
      "version": "6.0.0",
      "resolved": "https://registry.npmjs.org/@types/varint/-/varint-6.0.0.tgz",
      "integrity": "sha512-2jBazyxGl4644tvu3VAez8UA/AtrcEetT9HOeAbqZ/vAcRVL/ZDFQjSS7rkWusU5cyONQVUz+nwwrNZdMva4ow==",
      "dev": true,
      "requires": {
        "@types/node": "*"
      }
    },
    "dotenv": {
      "version": "10.0.0",
      "resolved": "https://registry.npmjs.org/dotenv/-/dotenv-10.0.0.tgz",
      "integrity": "sha512-rlBi9d8jpv9Sf1klPjNfFAuWDjKLwTIJJ/VxtoTwIR6hnZxcEOQCZg2oIL3MWBYw5GpUDKOEnND7LXTbIpQ03Q=="
    },
    "fuse-native": {
      "version": "2.2.6",
      "resolved": "https://registry.npmjs.org/fuse-native/-/fuse-native-2.2.6.tgz",
      "integrity": "sha512-Y5wXd7vUsWWWIIHbjluv7jKZgPZaSVA5YWaW3I5fXIJfcGWL6IRUgoBUveQAq+D8cG9cCiGNahv9CeToccCXrw==",
      "requires": {
        "fuse-shared-library": "^1.0.2",
        "nanoresource": "^1.3.0",
        "napi-macros": "^2.0.0",
        "node-gyp-build": "^4.2.0"
      }
    },
    "fuse-shared-library": {
      "version": "1.1.1",
      "resolved": "https://registry.npmjs.org/fuse-shared-library/-/fuse-shared-library-1.1.1.tgz",
      "integrity": "sha512-EfgTo/eS1euZFUe7x8KqyA40hV4DwP7kqp1VNZApu2nlPnJv8SanraBE3VXyX7ff41sxw7M0oWY7re3G3wnZVA==",
      "requires": {
        "fuse-shared-library-darwin": "^1.0.3",
        "fuse-shared-library-linux": "^1.0.1",
        "fuse-shared-library-linux-arm": "^1.0.0"
      }
    },
    "fuse-shared-library-darwin": {
      "version": "1.1.3",
      "resolved": "https://registry.npmjs.org/fuse-shared-library-darwin/-/fuse-shared-library-darwin-1.1.3.tgz",
      "integrity": "sha512-4Q8gMxyMl1+gwHGpiYUoKKpi7xq8WcPo0TvJvjZzHMuCiszouu2GgEs6SJAqPB3LjfmEkl6kPV+2Oluczr0Nig=="
    },
    "fuse-shared-library-linux": {
      "version": "1.0.1",
      "resolved": "https://registry.npmjs.org/fuse-shared-library-linux/-/fuse-shared-library-linux-1.0.1.tgz",
      "integrity": "sha512-07MQRSobrBKwW4D7oKm0gM2TwgvZWb+gC08JdiYDG4KBTncxk9ssqEDiDMKll8hpseZufsY2w1yc/feOu2DPmQ=="
    },
    "fuse-shared-library-linux-arm": {
      "version": "1.0.0",
      "resolved": "https://registry.npmjs.org/fuse-shared-library-linux-arm/-/fuse-shared-library-linux-arm-1.0.0.tgz",
      "integrity": "sha512-Dj4ssxo1/MKGvOsVWRblSRu+o5F5OJTrVPDkjSyGDU2yKvVnIzQSwy1deiWA0qCcS/Q8iJMlZaCpCcZWSwvoug=="
    },
    "inherits": {
      "version": "2.0.4",
      "resolved": "https://registry.npmjs.org/inherits/-/inherits-2.0.4.tgz",
      "integrity": "sha512-k/vGaX4/Yla3WzyMCvTQOXYeIHvqOKtnqBduzTHpzpQZzAskKMhZ2K+EnBiSM9zGSoIFeMpXKxa4dYeZIQqewQ=="
    },
    "multibase": {
      "version": "4.0.4",
      "resolved": "https://registry.npmjs.org/multibase/-/multibase-4.0.4.tgz",
      "integrity": "sha512-8/JmrdSGzlw6KTgAJCOqUBSGd1V6186i/X8dDCGy/lbCKrQ+1QB6f3HE+wPr7Tpdj4U3gutaj9jG2rNX6UpiJg==",
      "requires": {
        "@multiformats/base-x": "^4.0.1"
      }
    },
    "multihashes": {
      "version": "4.0.2",
      "resolved": "https://registry.npmjs.org/multihashes/-/multihashes-4.0.2.tgz",
      "integrity": "sha512-xpx++1iZr4ZQHjN1mcrXS6904R36LWLxX/CBifczjtmrtCXEX623DMWOF1eiNSg+pFpiZDFVBgou/4v6ayCHSQ==",
      "requires": {
        "multibase": "^4.0.1",
        "uint8arrays": "^2.1.3",
        "varint": "^5.0.2"
      },
      "dependencies": {
        "varint": {
          "version": "5.0.2",
          "resolved": "https://registry.npmjs.org/varint/-/varint-5.0.2.tgz",
          "integrity": "sha512-lKxKYG6H03yCZUpAGOPOsMcGxd1RHCu1iKvEHYDPmTyq2HueGhD73ssNBqqQWfvYs04G9iUFRvmAVLW20Jw6ow=="
        }
      }
    },
    "nanoresource": {
      "version": "1.3.0",
      "resolved": "https://registry.npmjs.org/nanoresource/-/nanoresource-1.3.0.tgz",
      "integrity": "sha512-OI5dswqipmlYfyL3k/YMm7mbERlh4Bd1KuKdMHpeoVD1iVxqxaTMKleB4qaA2mbQZ6/zMNSxCXv9M9P/YbqTuQ==",
      "requires": {
        "inherits": "^2.0.4"
      }
    },
    "napi-macros": {
      "version": "2.0.0",
      "resolved": "https://registry.npmjs.org/napi-macros/-/napi-macros-2.0.0.tgz",
      "integrity": "sha512-A0xLykHtARfueITVDernsAWdtIMbOJgKgcluwENp3AlsKN/PloyO10HtmoqnFAQAcxPkgZN7wdfPfEd0zNGxbg=="
    },
    "node-gyp-build": {
      "version": "4.2.3",
      "resolved": "https://registry.npmjs.org/node-gyp-build/-/node-gyp-build-4.2.3.tgz",
      "integrity": "sha512-MN6ZpzmfNCRM+3t57PTJHgHyw/h4OWnZ6mR8P5j/uZtqQr46RRuDE/P+g3n0YR/AiYXeWixZZzaip77gdICfRg=="
    },
    "tslib": {
      "version": "2.2.0",
      "resolved": "https://registry.npmjs.org/tslib/-/tslib-2.2.0.tgz",
      "integrity": "sha512-gS9GVHRU+RGn5KQM2rllAlR3dU6m7AcpJKdtH8gFvQiC4Otgk98XnmMU+nZenHt/+VhnBPWwgrJsyrdcw6i23w=="
    },
    "typescript": {
      "version": "4.2.4",
      "resolved": "https://registry.npmjs.org/typescript/-/typescript-4.2.4.tgz",
      "integrity": "sha512-V+evlYHZnQkaz8TRBuxTA92yZBPotr5H+WhQ7bD3hZUndx5tGOa1fuCgeSjxAzM1RiN5IzvadIXTVefuuwZCRg==",
      "dev": true
    },
    "uint8arrays": {
      "version": "2.1.5",
      "resolved": "https://registry.npmjs.org/uint8arrays/-/uint8arrays-2.1.5.tgz",
      "integrity": "sha512-CSR7AO+4AHUeSOnZ/NBNCElDeWfRh9bXtOck27083kc7SznmmHIhNEkEOCQOn0wvrIMjS3IH0TNLR16vuc46mA==",
      "requires": {
        "multibase": "^4.0.1"
      }
    },
    "varint": {
      "version": "6.0.0",
      "resolved": "https://registry.npmjs.org/varint/-/varint-6.0.0.tgz",
      "integrity": "sha512-cXEIW6cfr15lFv563k4GuVuW/fiwjknytD37jIOLSdSWuOI6WnO/oKwmP2FQTU2l01LP8/M5TSAJpzUaGe3uWg=="
    }
  }
}
