lockfileVersion: '9.0'

settings:
  autoInstallPeers: true
  excludeLinksFromLockfile: false

importers:

  .:
    dependencies:
      dotenv:
        specifier: ^10.0.0
        version: 10.0.0
      fuse-native:
        specifier: ^2.2.6
        version: 2.2.6
      multihashes:
        specifier: ^4.0.2
        version: 4.0.3
      tslib:
        specifier: ^2.2.0
        version: 2.8.1
      varint:
        specifier: ^6.0.0
        version: 6.0.0
    devDependencies:
      '@types/node':
        specifier: ^15.0.1
        version: 15.14.9
      '@types/varint':
        specifier: ^6.0.0
        version: 6.0.3
      typescript:
        specifier: ^4.2.4
        version: 4.9.5

packages:

  '@multiformats/base-x@4.0.1':
    resolution: {integrity: sha512-eMk0b9ReBbV23xXU693TAIrLyeO5iTgBZGSJfpqriG8UkYvr/hC9u9pyMlAakDNHWmbhMZCDs6KQO0jzKD8OTw==}

  '@types/node@15.14.9':
    resolution: {integrity: sha512-qjd88DrCxupx/kJD5yQgZdcYKZKSIGBVDIBE1/LTGcNm3d2Np/jxojkdePDdfnBHJc5W7vSMpbJ1aB7p/Py69A==}

  '@types/varint@6.0.3':
    resolution: {integrity: sha512-DHukoGWdJ2aYkveZJTB2rN2lp6m7APzVsoJQ7j/qy1fQxyamJTPD5xQzCMoJ2Qtgn0mE3wWeNOpbTyBFvF+dyA==}

  dotenv@10.0.0:
    resolution: {integrity: sha512-rlBi9d8jpv9Sf1klPjNfFAuWDjKLwTIJJ/VxtoTwIR6hnZxcEOQCZg2oIL3MWBYw5GpUDKOEnND7LXTbIpQ03Q==}
    engines: {node: '>=10'}

  fuse-native@2.2.6:
    resolution: {integrity: sha512-Y5wXd7vUsWWWIIHbjluv7jKZgPZaSVA5YWaW3I5fXIJfcGWL6IRUgoBUveQAq+D8cG9cCiGNahv9CeToccCXrw==}
    hasBin: true

  fuse-shared-library-darwin@1.1.3:
    resolution: {integrity: sha512-4Q8gMxyMl1+gwHGpiYUoKKpi7xq8WcPo0TvJvjZzHMuCiszouu2GgEs6SJAqPB3LjfmEkl6kPV+2Oluczr0Nig==}

  fuse-shared-library-linux-arm@1.0.0:
    resolution: {integrity: sha512-Dj4ssxo1/MKGvOsVWRblSRu+o5F5OJTrVPDkjSyGDU2yKvVnIzQSwy1deiWA0qCcS/Q8iJMlZaCpCcZWSwvoug==}

  fuse-shared-library-linux@1.0.1:
    resolution: {integrity: sha512-07MQRSobrBKwW4D7oKm0gM2TwgvZWb+gC08JdiYDG4KBTncxk9ssqEDiDMKll8hpseZufsY2w1yc/feOu2DPmQ==}

  fuse-shared-library@1.1.1:
    resolution: {integrity: sha512-EfgTo/eS1euZFUe7x8KqyA40hV4DwP7kqp1VNZApu2nlPnJv8SanraBE3VXyX7ff41sxw7M0oWY7re3G3wnZVA==}

  inherits@2.0.4:
    resolution: {integrity: sha512-k/vGaX4/Yla3WzyMCvTQOXYeIHvqOKtnqBduzTHpzpQZzAskKMhZ2K+EnBiSM9zGSoIFeMpXKxa4dYeZIQqewQ==}

  multibase@4.0.6:
    resolution: {integrity: sha512-x23pDe5+svdLz/k5JPGCVdfn7Q5mZVMBETiC+ORfO+sor9Sgs0smJzAjfTbM5tckeCqnaUuMYoz+k3RXMmJClQ==}
    engines: {node: '>=12.0.0', npm: '>=6.0.0'}
    deprecated: This module has been superseded by the multiformats module

  multiformats@9.9.0:
    resolution: {integrity: sha512-HoMUjhH9T8DDBNT+6xzkrd9ga/XiBI4xLr58LJACwK6G3HTOPeMz4nB4KJs33L2BelrIJa7P0VuNaVF3hMYfjg==}

  multihashes@4.0.3:
    resolution: {integrity: sha512-0AhMH7Iu95XjDLxIeuCOOE4t9+vQZsACyKZ9Fxw2pcsRmlX4iCn1mby0hS0bb+nQOVpdQYWPpnyusw4da5RPhA==}
    engines: {node: '>=12.0.0', npm: '>=6.0.0'}

  nanoresource@1.3.0:
    resolution: {integrity: sha512-OI5dswqipmlYfyL3k/YMm7mbERlh4Bd1KuKdMHpeoVD1iVxqxaTMKleB4qaA2mbQZ6/zMNSxCXv9M9P/YbqTuQ==}

  napi-macros@2.2.2:
    resolution: {integrity: sha512-hmEVtAGYzVQpCKdbQea4skABsdXW4RUh5t5mJ2zzqowJS2OyXZTU1KhDVFhx+NlWZ4ap9mqR9TcDO3LTTttd+g==}

  node-gyp-build@4.8.4:
    resolution: {integrity: sha512-LA4ZjwlnUblHVgq0oBF3Jl/6h/Nvs5fzBLwdEF4nuxnFdsfajde4WfxtJr3CaiH+F6ewcIB/q4jQ4UzPyid+CQ==}
    hasBin: true

  tslib@2.8.1:
    resolution: {integrity: sha512-oJFu94HQb+KVduSUQL7wnpmqnfmLsOA/nAh6b6EH0wCEoK0/mPeXU6c3wKDV83MkOuHPRHtSXKKU99IBazS/2w==}

  typescript@4.9.5:
    resolution: {integrity: sha512-1FXk9E2Hm+QzZQ7z+McJiHL4NW1F2EzMu9Nq9i3zAaGqibafqYwCVU6WyWAuyQRRzOlxou8xZSyXLEN8oKj24g==}
    engines: {node: '>=4.2.0'}
    hasBin: true

  uint8arrays@3.1.1:
    resolution: {integrity: sha512-+QJa8QRnbdXVpHYjLoTpJIdCTiw9Ir62nocClWuXIq2JIh4Uta0cQsTSpFL678p2CN8B+XSApwcU+pQEqVpKWg==}

  varint@5.0.2:
    resolution: {integrity: sha512-lKxKYG6H03yCZUpAGOPOsMcGxd1RHCu1iKvEHYDPmTyq2HueGhD73ssNBqqQWfvYs04G9iUFRvmAVLW20Jw6ow==}

  varint@6.0.0:
    resolution: {integrity: sha512-cXEIW6cfr15lFv563k4GuVuW/fiwjknytD37jIOLSdSWuOI6WnO/oKwmP2FQTU2l01LP8/M5TSAJpzUaGe3uWg==}

snapshots:

  '@multiformats/base-x@4.0.1': {}

  '@types/node@15.14.9': {}

  '@types/varint@6.0.3':
    dependencies:
      '@types/node': 15.14.9

  dotenv@10.0.0: {}

  fuse-native@2.2.6:
    dependencies:
      fuse-shared-library: 1.1.1
      nanoresource: 1.3.0
      napi-macros: 2.2.2
      node-gyp-build: 4.8.4

  fuse-shared-library-darwin@1.1.3: {}

  fuse-shared-library-linux-arm@1.0.0: {}

  fuse-shared-library-linux@1.0.1: {}

  fuse-shared-library@1.1.1:
    dependencies:
      fuse-shared-library-darwin: 1.1.3
      fuse-shared-library-linux: 1.0.1
      fuse-shared-library-linux-arm: 1.0.0

  inherits@2.0.4: {}

  multibase@4.0.6:
    dependencies:
      '@multiformats/base-x': 4.0.1

  multiformats@9.9.0: {}

  multihashes@4.0.3:
    dependencies:
      multibase: 4.0.6
      uint8arrays: 3.1.1
      varint: 5.0.2

  nanoresource@1.3.0:
    dependencies:
      inherits: 2.0.4

  napi-macros@2.2.2: {}

  node-gyp-build@4.8.4: {}

  tslib@2.8.1: {}

  typescript@4.9.5: {}

  uint8arrays@3.1.1:
    dependencies:
      multiformats: 9.9.0

  varint@5.0.2: {}

  varint@6.0.0: {}
